lockVersion: 2.0.0
id: b71c2d2d-7069-44fb-95bf-1f918358b4ef
management:
  docChecksum: e16d535546a15c9c34c76b1a66c08ca3
  docVersion: 1.0.0
  speakeasyVersion: 1.286.0
  generationVersion: 2.326.3
  releaseVersion: 0.1.1
  configChecksum: 451d4bd348b23ff4276e0b3d5e219043
features:
  python:
    additionalDependencies: 0.1.0
    constsAndDefaults: 0.1.3
    core: 4.6.7
    globalSecurity: 2.83.5
    globalSecurityCallbacks: 0.1.0
    globalSecurityFlattening: 0.1.0
    globalServerURLs: 2.82.2
    responseFormat: 0.1.0
    sdkHooks: 0.1.0
generatedFiles:
  - src/mailengine/sdkconfiguration.py
  - src/mailengine/sdk.py
  - py.typed
  - pylintrc
  - setup.py
  - src/mailengine/__init__.py
  - src/mailengine/utils/__init__.py
  - src/mailengine/utils/retries.py
  - src/mailengine/utils/utils.py
  - src/mailengine/models/errors/sdkerror.py
  - src/mailengine/models/operations/sendemail.py
  - src/mailengine/models/components/httpmetadata.py
  - src/mailengine/models/components/security.py
  - src/mailengine/models/__init__.py
  - src/mailengine/models/errors/__init__.py
  - src/mailengine/models/operations/__init__.py
  - src/mailengine/models/components/__init__.py
  - docs/models/operations/contenttype.md
  - docs/models/operations/sendemailrequestbody.md
  - docs/models/operations/sendemailresponse.md
  - docs/models/components/httpmetadata.md
  - docs/models/components/security.md
  - docs/sdks/mailengine/README.md
  - USAGE.md
  - .gitattributes
  - src/mailengine/_hooks/sdkhooks.py
  - src/mailengine/_hooks/types.py
  - src/mailengine/_hooks/__init__.py
